version = 1
revision = 3
requires-python = ">=3.13"

[[package]]
name = "aforro-backend-assignment"
version = "0.1.0"
source = { virtual = "." }
dependencies = [
    { name = "django" },
    { name = "djangorestframework" },
    { name = "hiredis" },
    { name = "python-decouple" },
    { name = "redis" },
]

[package.metadata]
requires-dist = [
    { name = "django", specifier = ">=6.0.2" },
    { name = "djangorestframework", specifier = ">=3.16.1" },
    { name = "hiredis", specifier = ">=3.3.0" },
    { name = "python-decouple", specifier = ">=3.8" },
    { name = "redis", specifier = ">=7.1.0" },
]

[[package]]
name = "asgiref"
version = "3.11.1"
source = { registry = "https://pypi.org/simple" }
sdist = { url = "https://files.pythonhosted.org/packages/63/40/f03da1264ae8f7cfdbf9146542e5e7e8100a4c66ab48e791df9a03d3f6c0/asgiref-3.11.1.tar.gz", hash = "sha256:5f184dc43b7e763efe848065441eac62229c9f7b0475f41f80e207a114eda4ce", size = 38550, upload-time = "2026-02-03T13:30:14.33Z" }
wheels = [
    { url = "https://files.pythonhosted.org/packages/5c/0a/a72d10ed65068e115044937873362e6e32fab1b7dce0046aeb224682c989/asgiref-3.11.1-py3-none-any.whl", hash = "sha256:e8667a091e69529631969fd45dc268fa79b99c92c5fcdda727757e52146ec133", size = 24345, upload-time = "2026-02-03T13:30:13.039Z" },
]

[[package]]
name = "django"
version = "6.0.2"
source = { registry = "https://pypi.org/simple" }
dependencies = [
    { name = "asgiref" },
    { name = "sqlparse" },
    { name = "tzdata", marker = "sys_platform == 'win32'" },
]
sdist = { url = "https://files.pythonhosted.org/packages/26/3e/a1c4207c5dea4697b7a3387e26584919ba987d8f9320f59dc0b5c557a4eb/django-6.0.2.tar.gz", hash = "sha256:3046a53b0e40d4b676c3b774c73411d7184ae2745fe8ce5e45c0f33d3ddb71a7", size = 10886874, upload-time = "2026-02-03T13:50:31.596Z" }
wheels = [
    { url = "https://files.pythonhosted.org/packages/96/ba/a6e2992bc5b8c688249c00ea48cb1b7a9bc09839328c81dc603671460928/django-6.0.2-py3-none-any.whl", hash = "sha256:610dd3b13d15ec3f1e1d257caedd751db8033c5ad8ea0e2d1219a8acf446ecc6", size = 8339381, upload-time = "2026-02-03T13:50:15.501Z" },
]

[[package]]
name = "djangorestframework"
version = "3.16.1"
source = { registry = "https://pypi.org/simple" }
dependencies = [
    { name = "django" },
]
sdist = { url = "https://files.pythonhosted.org/packages/8a/95/5376fe618646fde6899b3cdc85fd959716bb67542e273a76a80d9f326f27/djangorestframework-3.16.1.tar.gz", hash = "sha256:166809528b1aced0a17dc66c24492af18049f2c9420dbd0be29422029cfc3ff7", size = 1089735, upload-time = "2025-08-06T17:50:53.251Z" }
wheels = [
    { url = "https://files.pythonhosted.org/packages/b0/ce/bf8b9d3f415be4ac5588545b5fcdbbb841977db1c1d923f7568eeabe1689/djangorestframework-3.16.1-py3-none-any.whl", hash = "sha256:33a59f47fb9c85ede792cbf88bde71893bcda0667bc573f784649521f1102cec", size = 1080442, upload-time = "2025-08-06T17:50:50.667Z" },
]

[[package]]
name = "hiredis"
version = "3.3.0"
source = { registry = "https://pypi.org/simple" }
sdist = { url = "https://files.pythonhosted.org/packages/65/82/d2817ce0653628e0a0cb128533f6af0dd6318a49f3f3a6a7bd1f2f2154af/hiredis-3.3.0.tar.gz", hash = "sha256:105596aad9249634361815c574351f1bd50455dc23b537c2940066c4a9dea685", size = 89048, upload-time = "2025-10-14T16:33:34.263Z" }
wheels = [
    { url = "https://files.pythonhosted.org/packages/6d/39/2b789ebadd1548ccb04a2c18fbc123746ad1a7e248b7f3f3cac618ca10a6/hiredis-3.3.0-cp313-cp313-macosx_10_15_universal2.whl", hash = "sha256:b7048b4ec0d5dddc8ddd03da603de0c4b43ef2540bf6e4c54f47d23e3480a4fa", size = 82035, upload-time = "2025-10-14T16:32:23.715Z" },
    { url = "https://files.pythonhosted.org/packages/85/74/4066d9c1093be744158ede277f2a0a4e4cd0fefeaa525c79e2876e9e5c72/hiredis-3.3.0-cp313-cp313-macosx_10_15_x86_64.whl", hash = "sha256:e5f86ce5a779319c15567b79e0be806e8e92c18bb2ea9153e136312fafa4b7d6", size = 46219, upload-time = "2025-10-14T16:32:24.554Z" },
    { url = "https://files.pythonhosted.org/packages/fa/3f/f9e0f6d632f399d95b3635703e1558ffaa2de3aea4cfcbc2d7832606ba43/hiredis-3.3.0-cp313-cp313-macosx_11_0_arm64.whl", hash = "sha256:fbdb97a942e66016fff034df48a7a184e2b7dc69f14c4acd20772e156f20d04b", size = 41860, upload-time = "2025-10-14T16:32:25.356Z" },
    { url = "https://files.pythonhosted.org/packages/4a/c5/b7dde5ec390dabd1cabe7b364a509c66d4e26de783b0b64cf1618f7149fc/hiredis-3.3.0-cp313-cp313-manylinux2014_aarch64.manylinux_2_17_aarch64.manylinux_2_28_aarch64.whl", hash = "sha256:b0fb4bea72fe45ff13e93ddd1352b43ff0749f9866263b5cca759a4c960c776f", size = 170094, upload-time = "2025-10-14T16:32:26.148Z" },
    { url = "https://files.pythonhosted.org/packages/3e/d6/7f05c08ee74d41613be466935688068e07f7b6c55266784b5ace7b35b766/hiredis-3.3.0-cp313-cp313-manylinux2014_ppc64le.manylinux_2_17_ppc64le.manylinux_2_28_ppc64le.whl", hash = "sha256:85b9baf98050e8f43c2826ab46aaf775090d608217baf7af7882596aef74e7f9", size = 181746, upload-time = "2025-10-14T16:32:27.844Z" },
    { url = "https://files.pythonhosted.org/packages/0e/d2/aaf9f8edab06fbf5b766e0cae3996324297c0516a91eb2ca3bd1959a0308/hiredis-3.3.0-cp313-cp313-manylinux2014_s390x.manylinux_2_17_s390x.manylinux_2_28_s390x.whl", hash = "sha256:69079fb0f0ebb61ba63340b9c4bce9388ad016092ca157e5772eb2818209d930", size = 180465, upload-time = "2025-10-14T16:32:29.185Z" },
    { url = "https://files.pythonhosted.org/packages/8d/1e/93ded8b9b484519b211fc71746a231af98c98928e3ebebb9086ed20bb1ad/hiredis-3.3.0-cp313-cp313-manylinux2014_x86_64.manylinux_2_17_x86_64.manylinux_2_28_x86_64.whl", hash = "sha256:c17f77b79031ea4b0967d30255d2ae6e7df0603ee2426ad3274067f406938236", size = 172419, upload-time = "2025-10-14T16:32:30.059Z" },
    { url = "https://files.pythonhosted.org/packages/68/13/02880458e02bbfcedcaabb8f7510f9dda1c89d7c1921b1bb28c22bb38cbf/hiredis-3.3.0-cp313-cp313-musllinux_1_2_aarch64.whl", hash = "sha256:45d14f745fc177bc05fc24bdf20e2b515e9a068d3d4cce90a0fb78d04c9c9d9a", size = 166400, upload-time = "2025-10-14T16:32:31.173Z" },
    { url = "https://files.pythonhosted.org/packages/11/60/896e03267670570f19f61dc65a2137fcb2b06e83ab0911d58eeec9f3cb88/hiredis-3.3.0-cp313-cp313-musllinux_1_2_ppc64le.whl", hash = "sha256:ba063fdf1eff6377a0c409609cbe890389aefddfec109c2d20fcc19cfdafe9da", size = 176845, upload-time = "2025-10-14T16:32:32.12Z" },
    { url = "https://files.pythonhosted.org/packages/f1/90/a1d4bd0cdcf251fda72ac0bd932f547b48ad3420f89bb2ef91bf6a494534/hiredis-3.3.0-cp313-cp313-musllinux_1_2_s390x.whl", hash = "sha256:1799cc66353ad066bfdd410135c951959da9f16bcb757c845aab2f21fc4ef099", size = 170365, upload-time = "2025-10-14T16:32:33.035Z" },
    { url = "https://files.pythonhosted.org/packages/f1/9a/7c98f7bb76bdb4a6a6003cf8209721f083e65d2eed2b514f4a5514bda665/hiredis-3.3.0-cp313-cp313-musllinux_1_2_x86_64.whl", hash = "sha256:2cbf71a121996ffac82436b6153290815b746afb010cac19b3290a1644381b07", size = 168022, upload-time = "2025-10-14T16:32:34.81Z" },
    { url = "https://files.pythonhosted.org/packages/0d/ca/672ee658ffe9525558615d955b554ecd36aa185acd4431ccc9701c655c9b/hiredis-3.3.0-cp313-cp313-win32.whl", hash = "sha256:a7cbbc6026bf03659f0b25e94bbf6e64f6c8c22f7b4bc52fe569d041de274194", size = 20533, upload-time = "2025-10-14T16:32:35.7Z" },
    { url = "https://files.pythonhosted.org/packages/20/93/511fd94f6a7b6d72a4cf9c2b159bf3d780585a9a1dca52715dd463825299/hiredis-3.3.0-cp313-cp313-win_amd64.whl", hash = "sha256:a8def89dd19d4e2e4482b7412d453dec4a5898954d9a210d7d05f60576cedef6", size = 22387, upload-time = "2025-10-14T16:32:36.441Z" },
    { url = "https://files.pythonhosted.org/packages/aa/b3/b948ee76a6b2bc7e45249861646f91f29704f743b52565cf64cee9c4658b/hiredis-3.3.0-cp314-cp314-macosx_10_15_universal2.whl", hash = "sha256:c135bda87211f7af9e2fd4e046ab433c576cd17b69e639a0f5bb2eed5e0e71a9", size = 82105, upload-time = "2025-10-14T16:32:37.204Z" },
    { url = "https://files.pythonhosted.org/packages/a2/9b/4210f4ebfb3ab4ada964b8de08190f54cbac147198fb463cd3c111cc13e0/hiredis-3.3.0-cp314-cp314-macosx_10_15_x86_64.whl", hash = "sha256:2f855c678230aed6fc29b962ce1cc67e5858a785ef3a3fd6b15dece0487a2e60", size = 46237, upload-time = "2025-10-14T16:32:38.07Z" },
    { url = "https://files.pythonhosted.org/packages/b3/7a/e38bfd7d04c05036b4ccc6f42b86b1032185cf6ae426e112a97551fece14/hiredis-3.3.0-cp314-cp314-macosx_11_0_arm64.whl", hash = "sha256:4059c78a930cbb33c391452ccce75b137d6f89e2eebf6273d75dafc5c2143c03", size = 41894, upload-time = "2025-10-14T16:32:38.929Z" },
    { url = "https://files.pythonhosted.org/packages/28/d3/eae43d9609c5d9a6effef0586ee47e13a0d84b44264b688d97a75cd17ee5/hiredis-3.3.0-cp314-cp314-manylinux2014_aarch64.manylinux_2_17_aarch64.manylinux_2_28_aarch64.whl", hash = "sha256:334a3f1d14c253bb092e187736c3384203bd486b244e726319bbb3f7dffa4a20", size = 170486, upload-time = "2025-10-14T16:32:40.147Z" },
    { url = "https://files.pythonhosted.org/packages/c3/fd/34d664554880b27741ab2916d66207357563b1639e2648685f4c84cfb755/hiredis-3.3.0-cp314-cp314-manylinux2014_ppc64le.manylinux_2_17_ppc64le.manylinux_2_28_ppc64le.whl", hash = "sha256:fd137b147235447b3d067ec952c5b9b95ca54b71837e1b38dbb2ec03b89f24fc", size = 182031, upload-time = "2025-10-14T16:32:41.06Z" },
    { url = "https://files.pythonhosted.org/packages/08/a3/0c69fdde3f4155b9f7acc64ccffde46f312781469260061b3bbaa487fd34/hiredis-3.3.0-cp314-cp314-manylinux2014_s390x.manylinux_2_17_s390x.manylinux_2_28_s390x.whl", hash = "sha256:8f88f4f2aceb73329ece86a1cb0794fdbc8e6d614cb5ca2d1023c9b7eb432db8", size = 180542, upload-time = "2025-10-14T16:32:42.993Z" },
    { url = "https://files.pythonhosted.org/packages/68/7a/ad5da4d7bc241e57c5b0c4fe95aa75d1f2116e6e6c51577394d773216e01/hiredis-3.3.0-cp314-cp314-manylinux2014_x86_64.manylinux_2_17_x86_64.manylinux_2_28_x86_64.whl", hash = "sha256:550f4d1538822fc75ebf8cf63adc396b23d4958bdbbad424521f2c0e3dfcb169", size = 172353, upload-time = "2025-10-14T16:32:43.965Z" },
    { url = "https://files.pythonhosted.org/packages/4b/dc/c46eace64eb047a5b31acd5e4b0dc6d2f0390a4a3f6d507442d9efa570ad/hiredis-3.3.0-cp314-cp314-musllinux_1_2_aarch64.whl", hash = "sha256:54b14211fbd5930fc696f6fcd1f1f364c660970d61af065a80e48a1fa5464dd6", size = 166435, upload-time = "2025-10-14T16:32:44.97Z" },
    { url = "https://files.pythonhosted.org/packages/4a/ac/ad13a714e27883a2e4113c980c94caf46b801b810de5622c40f8d3e8335f/hiredis-3.3.0-cp314-cp314-musllinux_1_2_ppc64le.whl", hash = "sha256:c9e96f63dbc489fc86f69951e9f83dadb9582271f64f6822c47dcffa6fac7e4a", size = 177218, upload-time = "2025-10-14T16:32:45.936Z" },
    { url = "https://files.pythonhosted.org/packages/c2/38/268fabd85b225271fe1ba82cb4a484fcc1bf922493ff2c74b400f1a6f339/hiredis-3.3.0-cp314-cp314-musllinux_1_2_s390x.whl", hash = "sha256:106e99885d46684d62ab3ec1d6b01573cc0e0083ac295b11aaa56870b536c7ec", size = 170477, upload-time = "2025-10-14T16:32:46.898Z" },
    { url = "https://files.pythonhosted.org/packages/20/6b/02bb8af810ea04247334ab7148acff7a61c08a8832830c6703f464be83a9/hiredis-3.3.0-cp314-cp314-musllinux_1_2_x86_64.whl", hash = "sha256:087e2ef3206361281b1a658b5b4263572b6ba99465253e827796964208680459", size = 167915, upload-time = "2025-10-14T16:32:47.847Z" },
    { url = "https://files.pythonhosted.org/packages/83/94/901fa817e667b2e69957626395e6dee416e31609dca738f28e6b545ca6c2/hiredis-3.3.0-cp314-cp314-win32.whl", hash = "sha256:80638ebeab1cefda9420e9fedc7920e1ec7b4f0513a6b23d58c9d13c882f8065", size = 21165, upload-time = "2025-10-14T16:32:50.753Z" },
    { url = "https://files.pythonhosted.org/packages/b1/7e/4881b9c1d0b4cdaba11bd10e600e97863f977ea9d67c5988f7ec8cd363e5/hiredis-3.3.0-cp314-cp314-win_amd64.whl", hash = "sha256:a68aaf9ba024f4e28cf23df9196ff4e897bd7085872f3a30644dca07fa787816", size = 22996, upload-time = "2025-10-14T16:32:51.543Z" },
    { url = "https://files.pythonhosted.org/packages/a7/b6/d7e6c17da032665a954a89c1e6ee3bd12cb51cd78c37527842b03519981d/hiredis-3.3.0-cp314-cp314t-macosx_10_15_universal2.whl", hash = "sha256:f7f80442a32ce51ee5d89aeb5a84ee56189a0e0e875f1a57bbf8d462555ae48f", size = 83034, upload-time = "2025-10-14T16:32:52.395Z" },
    { url = "https://files.pythonhosted.org/packages/27/6c/6751b698060cdd1b2d8427702cff367c9ed7a1705bcf3792eb5b896f149b/hiredis-3.3.0-cp314-cp314t-macosx_10_15_x86_64.whl", hash = "sha256:a1a67530da714954ed50579f4fe1ab0ddbac9c43643b1721c2cb226a50dde263", size = 46701, upload-time = "2025-10-14T16:32:53.572Z" },
    { url = "https://files.pythonhosted.org/packages/ce/8e/20a5cf2c83c7a7e08c76b9abab113f99f71cd57468a9c7909737ce6e9bf8/hiredis-3.3.0-cp314-cp314t-macosx_11_0_arm64.whl", hash = "sha256:616868352e47ab355559adca30f4f3859f9db895b4e7bc71e2323409a2add751", size = 42381, upload-time = "2025-10-14T16:32:54.762Z" },
    { url = "https://files.pythonhosted.org/packages/be/0a/547c29c06e8c9c337d0df3eec39da0cf1aad701daf8a9658dd37f25aca66/hiredis-3.3.0-cp314-cp314t-manylinux2014_aarch64.manylinux_2_17_aarch64.manylinux_2_28_aarch64.whl", hash = "sha256:e799b79f3150083e9702fc37e6243c0bd47a443d6eae3f3077b0b3f510d6a145", size = 180313, upload-time = "2025-10-14T16:32:55.644Z" },
    { url = "https://files.pythonhosted.org/packages/89/8a/488de5469e3d0921a1c425045bf00e983d48b2111a90e47cf5769eaa536c/hiredis-3.3.0-cp314-cp314t-manylinux2014_ppc64le.manylinux_2_17_ppc64le.manylinux_2_28_ppc64le.whl", hash = "sha256:9ef1dfb0d2c92c3701655e2927e6bbe10c499aba632c7ea57b6392516df3864b", size = 190488, upload-time = "2025-10-14T16:32:56.649Z" },
    { url = "https://files.pythonhosted.org/packages/b5/59/8493edc3eb9ae0dbea2b2230c2041a52bc03e390b02ffa3ac0bca2af9aea/hiredis-3.3.0-cp314-cp314t-manylinux2014_s390x.manylinux_2_17_s390x.manylinux_2_28_s390x.whl", hash = "sha256:c290da6bc2a57e854c7da9956cd65013483ede935677e84560da3b848f253596", size = 189210, upload-time = "2025-10-14T16:32:57.759Z" },
    { url = "https://files.pythonhosted.org/packages/f0/de/8c9a653922057b32fb1e2546ecd43ef44c9aa1a7cf460c87cae507eb2bc7/hiredis-3.3.0-cp314-cp314t-manylinux2014_x86_64.manylinux_2_17_x86_64.manylinux_2_28_x86_64.whl", hash = "sha256:fd8c438d9e1728f0085bf9b3c9484d19ec31f41002311464e75b69550c32ffa8", size = 180972, upload-time = "2025-10-14T16:32:58.737Z" },
    { url = "https://files.pythonhosted.org/packages/e4/a3/51e6e6afaef2990986d685ca6e254ffbd191f1635a59b2d06c9e5d10c8a2/hiredis-3.3.0-cp314-cp314t-musllinux_1_2_aarch64.whl", hash = "sha256:1bbc6b8a88bbe331e3ebf6685452cebca6dfe6d38a6d4efc5651d7e363ba28bd", size = 175315, upload-time = "2025-10-14T16:32:59.774Z" },
    { url = "https://files.pythonhosted.org/packages/96/54/e436312feb97601f70f8b39263b8da5ac4a5d18305ebdfb08ad7621f6119/hiredis-3.3.0-cp314-cp314t-musllinux_1_2_ppc64le.whl", hash = "sha256:55d8c18fe9a05496c5c04e6eccc695169d89bf358dff964bcad95696958ec05f", size = 185653, upload-time = "2025-10-14T16:33:00.749Z" },
    { url = "https://files.pythonhosted.org/packages/ed/a3/88e66030d066337c6c0f883a912c6d4b2d6d7173490fbbc113a6cbe414ff/hiredis-3.3.0-cp314-cp314t-musllinux_1_2_s390x.whl", hash = "sha256:4ddc79afa76b805d364e202a754666cb3c4d9c85153cbfed522871ff55827838", size = 179032, upload-time = "2025-10-14T16:33:01.711Z" },
    { url = "https://files.pythonhosted.org/packages/bc/1f/fb7375467e9adaa371cd617c2984fefe44bdce73add4c70b8dd8cab1b33a/hiredis-3.3.0-cp314-cp314t-musllinux_1_2_x86_64.whl", hash = "sha256:8e8a4b8540581dcd1b2b25827a54cfd538e0afeaa1a0e3ca87ad7126965981cc", size = 176127, upload-time = "2025-10-14T16:33:02.793Z" },
    { url = "https://files.pythonhosted.org/packages/66/14/0dc2b99209c400f3b8f24067273e9c3cb383d894e155830879108fb19e98/hiredis-3.3.0-cp314-cp314t-win32.whl", hash = "sha256:298593bb08487753b3afe6dc38bac2532e9bac8dcee8d992ef9977d539cc6776", size = 22024, upload-time = "2025-10-14T16:33:03.812Z" },
    { url = "https://files.pythonhosted.org/packages/b2/2f/8a0befeed8bbe142d5a6cf3b51e8cbe019c32a64a596b0ebcbc007a8f8f1/hiredis-3.3.0-cp314-cp314t-win_amd64.whl", hash = "sha256:b442b6ab038a6f3b5109874d2514c4edf389d8d8b553f10f12654548808683bc", size = 23808, upload-time = "2025-10-14T16:33:04.965Z" },
]

[[package]]
name = "python-decouple"
version = "3.8"
source = { registry = "https://pypi.org/simple" }
sdist = { url = "https://files.pythonhosted.org/packages/e1/97/373dcd5844ec0ea5893e13c39a2c67e7537987ad8de3842fe078db4582fa/python-decouple-3.8.tar.gz", hash = "sha256:ba6e2657d4f376ecc46f77a3a615e058d93ba5e465c01bbe57289bfb7cce680f", size = 9612, upload-time = "2023-03-01T19:38:38.143Z" }
wheels = [
    { url = "https://files.pythonhosted.org/packages/a2/d4/9193206c4563ec771faf2ccf54815ca7918529fe81f6adb22ee6d0e06622/python_decouple-3.8-py3-none-any.whl", hash = "sha256:d0d45340815b25f4de59c974b855bb38d03151d81b037d9e3f463b0c9f8cbd66", size = 9947, upload-time = "2023-03-01T19:38:36.015Z" },
]

[[package]]
name = "redis"
version = "7.1.0"
source = { registry = "https://pypi.org/simple" }
sdist = { url = "https://files.pythonhosted.org/packages/43/c8/983d5c6579a411d8a99bc5823cc5712768859b5ce2c8afe1a65b37832c81/redis-7.1.0.tar.gz", hash = "sha256:b1cc3cfa5a2cb9c2ab3ba700864fb0ad75617b41f01352ce5779dabf6d5f9c3c", size = 4796669, upload-time = "2025-11-19T15:54:39.961Z" }
wheels = [
    { url = "https://files.pythonhosted.org/packages/89/f0/8956f8a86b20d7bb9d6ac0187cf4cd54d8065bc9a1a09eb8011d4d326596/redis-7.1.0-py3-none-any.whl", hash = "sha256:23c52b208f92b56103e17c5d06bdc1a6c2c0b3106583985a76a18f83b265de2b", size = 354159, upload-time = "2025-11-19T15:54:38.064Z" },
]

[[package]]
name = "sqlparse"
version = "0.5.5"
source = { registry = "https://pypi.org/simple" }
sdist = { url = "https://files.pythonhosted.org/packages/90/76/437d71068094df0726366574cf3432a4ed754217b436eb7429415cf2d480/sqlparse-0.5.5.tar.gz", hash = "sha256:e20d4a9b0b8585fdf63b10d30066c7c94c5d7a7ec47c889a2d83a3caa93ff28e", size = 120815, upload-time = "2025-12-19T07:17:45.073Z" }
wheels = [
    { url = "https://files.pythonhosted.org/packages/49/4b/359f28a903c13438ef59ebeee215fb25da53066db67b305c125f1c6d2a25/sqlparse-0.5.5-py3-none-any.whl", hash = "sha256:12a08b3bf3eec877c519589833aed092e2444e68240a3577e8e26148acc7b1ba", size = 46138, upload-time = "2025-12-19T07:17:46.573Z" },
]

[[package]]
name = "tzdata"
version = "2025.3"
source = { registry = "https://pypi.org/simple" }
sdist = { url = "https://files.pythonhosted.org/packages/5e/a7/c202b344c5ca7daf398f3b8a477eeb205cf3b6f32e7ec3a6bac0629ca975/tzdata-2025.3.tar.gz", hash = "sha256:de39c2ca5dc7b0344f2eba86f49d614019d29f060fc4ebc8a417896a620b56a7", size = 196772, upload-time = "2025-12-13T17:45:35.667Z" }
wheels = [
    { url = "https://files.pythonhosted.org/packages/c7/b0/003792df09decd6849a5e39c28b513c06e84436a54440380862b5aeff25d/tzdata-2025.3-py2.py3-none-any.whl", hash = "sha256:06a47e5700f3081aab02b2e513160914ff0694bce9947d6b76ebd6bf57cfc5d1", size = 348521, upload-time = "2025-12-13T17:45:33.889Z" },
]
